// !$*UTF8*$!
{
	archiveVersion = 1;
	classes = {
	};
	objectVersion = 46;
	objects = {

/* Begin PBXBuildFile section */
		C1C4F1E2CC42B5F5220A55A8 /* Conference.swift in Sources */ = {isa = PBXBuildFile; fileRef = C1C4F33B6CC1A8A5246CDF3E /* Conference.swift */; };
		C1C4F2063D8CE036986BB395 /* ConferenceDetails.swift in Sources */ = {isa = PBXBuildFile; fileRef = C1C4F8535B58C7CFD2EFCC71 /* ConferenceDetails.swift */; };
		C1C4F60E32A01D44CCB4B55D /* conferencesData.json in Resources */ = {isa = PBXBuildFile; fileRef = C1C4FC56CD12F44190BF0C27 /* conferencesData.json */; };
		C1C4F6F8E3035B2A7E8C8628 /* iOSConferencesApp.swift in Sources */ = {isa = PBXBuildFile; fileRef = C1C4FF4B4AF54A1D278233B2 /* iOSConferencesApp.swift */; };
		C1C4F793E99EB1710A2DFFAE /* Preview Assets.xcassets in Resources */ = {isa = PBXBuildFile; fileRef = C1C4F13793CB6BBC8D0067A1 /* Preview Assets.xcassets */; };
		C1C4F8E020E32448A1E2200F /* ConferenceList.swift in Sources */ = {isa = PBXBuildFile; fileRef = C1C4F03E89938E48FDDDF0A3 /* ConferenceList.swift */; };
		C1C4F99B6C41B7A8DAEB2FEF /* Data.swift in Sources */ = {isa = PBXBuildFile; fileRef = C1C4FBE6853C30B0650AE230 /* Data.swift */; };
		C1C4FA6FD4BB17A3EB41DF5F /* Assets.xcassets in Resources */ = {isa = PBXBuildFile; fileRef = C1C4F177A3C76F9A87308EED /* Assets.xcassets */; };
/* End PBXBuildFile section */

/* Begin PBXFileReference section */
		C1C4F03E89938E48FDDDF0A3 /* ConferenceList.swift */ = {isa = PBXFileReference; lastKnownFileType = sourcecode.swift; path = ConferenceList.swift; sourceTree = "<group>"; };
		C1C4F13793CB6BBC8D0067A1 /* Preview Assets.xcassets */ = {isa = PBXFileReference; lastKnownFileType = folder.assetcatalog; path = "Preview Assets.xcassets"; sourceTree = "<group>"; };
		C1C4F177A3C76F9A87308EED /* Assets.xcassets */ = {isa = PBXFileReference; lastKnownFileType = folder.assetcatalog; path = Assets.xcassets; sourceTree = "<group>"; };
		C1C4F33B6CC1A8A5246CDF3E /* Conference.swift */ = {isa = PBXFileReference; fileEncoding = 4; lastKnownFileType = sourcecode.swift; path = Conference.swift; sourceTree = "<group>"; };
		C1C4F3610AE19FB368FD17D2 /* iOSConferences.app */ = {isa = PBXFileReference; explicitFileType = wrapper.application; includeInIndex = 0; path = iOSConferences.app; sourceTree = BUILT_PRODUCTS_DIR; };
		C1C4F4AFA0B3BACE28B1FD9A /* Info.plist */ = {isa = PBXFileReference; lastKnownFileType = text.plist.info; path = Info.plist; sourceTree = "<group>"; };
		C1C4F8535B58C7CFD2EFCC71 /* ConferenceDetails.swift */ = {isa = PBXFileReference; fileEncoding = 4; lastKnownFileType = sourcecode.swift; path = ConferenceDetails.swift; sourceTree = "<group>"; };
		C1C4FBE6853C30B0650AE230 /* Data.swift */ = {isa = PBXFileReference; fileEncoding = 4; lastKnownFileType = sourcecode.swift; path = Data.swift; sourceTree = "<group>"; };
		C1C4FC56CD12F44190BF0C27 /* conferencesData.json */ = {isa = PBXFileReference; fileEncoding = 4; lastKnownFileType = text.json; path = conferencesData.json; sourceTree = "<group>"; };
		C1C4FF4B4AF54A1D278233B2 /* iOSConferencesApp.swift */ = {isa = PBXFileReference; lastKnownFileType = sourcecode.swift; path = iOSConferencesApp.swift; sourceTree = "<group>"; };
/* End PBXFileReference section */

/* Begin PBXFrameworksBuildPhase section */
		C1C4F45352E59DDB8D890CAA /* Frameworks */ = {
			isa = PBXFrameworksBuildPhase;
			buildActionMask = 2147483647;
			files = (
			);
			runOnlyForDeploymentPostprocessing = 0;
		};
/* End PBXFrameworksBuildPhase section */

/* Begin PBXGroup section */
		C1C4F484E81045E2080DF785 /* iOSConferences */ = {
			isa = PBXGroup;
			children = (
				C1C4F4AFA0B3BACE28B1FD9A /* Info.plist */,
				C1C4F177A3C76F9A87308EED /* Assets.xcassets */,
				C1C4FE8EC1A31ADADDFBBD28 /* Preview Content */,
				C1C4FF4B4AF54A1D278233B2 /* iOSConferencesApp.swift */,
				C1C4F03E89938E48FDDDF0A3 /* ConferenceList.swift */,
				C1C4FEC1C3479AFA7830945C /* Model */,
				C1C4F8B3892B77FB70021802 /* Resources */,
				C1C4F8535B58C7CFD2EFCC71 /* ConferenceDetails.swift */,
			);
			path = iOSConferences;
			sourceTree = "<group>";
		};
		C1C4F8B3892B77FB70021802 /* Resources */ = {
			isa = PBXGroup;
			children = (
				C1C4FC56CD12F44190BF0C27 /* conferencesData.json */,
			);
			path = Resources;
			sourceTree = "<group>";
		};
		C1C4FC2411A344B04D13ADF2 = {
			isa = PBXGroup;
			children = (
				C1C4FFB28757D001D05ADBF8 /* Products */,
				C1C4F484E81045E2080DF785 /* iOSConferences */,
			);
			sourceTree = "<group>";
		};
		C1C4FE8EC1A31ADADDFBBD28 /* Preview Content */ = {
			isa = PBXGroup;
			children = (
				C1C4F13793CB6BBC8D0067A1 /* Preview Assets.xcassets */,
			);
			path = "Preview Content";
			sourceTree = "<group>";
		};
		C1C4FEC1C3479AFA7830945C /* Model */ = {
			isa = PBXGroup;
			children = (
				C1C4FBE6853C30B0650AE230 /* Data.swift */,
				C1C4F33B6CC1A8A5246CDF3E /* Conference.swift */,
			);
			path = Model;
			sourceTree = "<group>";
		};
		C1C4FFB28757D001D05ADBF8 /* Products */ = {
			isa = PBXGroup;
			children = (
				C1C4F3610AE19FB368FD17D2 /* iOSConferences.app */,
			);
			name = Products;
			sourceTree = "<group>";
		};
/* End PBXGroup section */

/* Begin PBXNativeTarget section */
		C1C4F68FF5DA23215B5622CC /* iOSConferences */ = {
			isa = PBXNativeTarget;
			buildConfigurationList = C1C4FF05DE1EF400252777C9 /* Build configuration list for PBXNativeTarget "iOSConferences" */;
			buildPhases = (
				C1C4FB8D0F38E600C32D6752 /* Sources */,
				C1C4F45352E59DDB8D890CAA /* Frameworks */,
				C1C4F6FE03582ECA593FFE16 /* Resources */,
			);
			buildRules = (
			);
			dependencies = (
			);
			name = iOSConferences;
			productName = iOSConferences;
			productReference = C1C4F3610AE19FB368FD17D2 /* iOSConferences.app */;
			productType = "com.apple.product-type.application";
		};
/* End PBXNativeTarget section */

/* Begin PBXProject section */
		C1C4F8A5ED0AE4C3D31C780E /* Project object */ = {
			isa = PBXProject;
			buildConfigurationList = C1C4FBE55B09A4B1F2D7F9B0 /* Build configuration list for PBXProject "iOSConferences" */;
			compatibilityVersion = "Xcode 3.2";
			developmentRegion = English;
			hasScannedForEncodings = 0;
			knownRegions = (
				en,
			);
			mainGroup = C1C4FC2411A344B04D13ADF2;
			productRefGroup = C1C4FFB28757D001D05ADBF8 /* Products */;
			projectDirPath = "";
			projectRoot = "";
			targets = (
				C1C4F68FF5DA23215B5622CC /* iOSConferences */,
			);
		};
/* End PBXProject section */

/* Begin PBXResourcesBuildPhase section */
		C1C4F6FE03582ECA593FFE16 /* Resources */ = {
			isa = PBXResourcesBuildPhase;
			buildActionMask = 2147483647;
			files = (
				C1C4FA6FD4BB17A3EB41DF5F /* Assets.xcassets in Resources */,
				C1C4F793E99EB1710A2DFFAE /* Preview Assets.xcassets in Resources */,
				C1C4F60E32A01D44CCB4B55D /* conferencesData.json in Resources */,
			);
			runOnlyForDeploymentPostprocessing = 0;
		};
/* End PBXResourcesBuildPhase section */

/* Begin PBXSourcesBuildPhase section */
		C1C4FB8D0F38E600C32D6752 /* Sources */ = {
			isa = PBXSourcesBuildPhase;
			buildActionMask = 2147483647;
			files = (
				C1C4F6F8E3035B2A7E8C8628 /* iOSConferencesApp.swift in Sources */,
				C1C4F8E020E32448A1E2200F /* ConferenceList.swift in Sources */,
				C1C4F99B6C41B7A8DAEB2FEF /* Data.swift in Sources */,
				C1C4F1E2CC42B5F5220A55A8 /* Conference.swift in Sources */,
				C1C4F2063D8CE036986BB395 /* ConferenceDetails.swift in Sources */,
			);
			runOnlyForDeploymentPostprocessing = 0;
		};
/* End PBXSourcesBuildPhase section */

/* Begin XCBuildConfiguration section */
		C1C4F4CB8EB7DA663D4F7A98 /* Release */ = {
			isa = XCBuildConfiguration;
			buildSettings = {
				ALWAYS_SEARCH_USER_PATHS = NO;
				CLANG_ANALYZER_NONNULL = YES;
				CLANG_ANALYZER_NUMBER_OBJECT_CONVERSION = YES_AGGRESSIVE;
				CLANG_CXX_LANGUAGE_STANDARD = "gnu++14";
				CLANG_CXX_LIBRARY = "libc++";
				CLANG_ENABLE_MODULES = YES;
				CLANG_ENABLE_OBJC_ARC = YES;
				CLANG_ENABLE_OBJC_WEAK = YES;
				CLANG_WARN_BLOCK_CAPTURE_AUTORELEASING = YES;
				CLANG_WARN_BOOL_CONVERSION = YES;
				CLANG_WARN_COMMA = YES;
				CLANG_WARN_CONSTANT_CONVERSION = YES;
				CLANG_WARN_DEPRECATED_OBJC_IMPLEMENTATIONS = YES;
				CLANG_WARN_DIRECT_OBJC_ISA_USAGE = YES_ERROR;
				CLANG_WARN_DOCUMENTATION_COMMENTS = YES;
				CLANG_WARN_EMPTY_BODY = YES;
				CLANG_WARN_ENUM_CONVERSION = YES;
				CLANG_WARN_INFINITE_RECURSION = YES;
				CLANG_WARN_INT_CONVERSION = YES;
				CLANG_WARN_NON_LITERAL_NULL_CONVERSION = YES;
				CLANG_WARN_OBJC_IMPLICIT_RETAIN_SELF = YES;
				CLANG_WARN_OBJC_LITERAL_CONVERSION = YES;
				CLANG_WARN_OBJC_ROOT_CLASS = YES_ERROR;
				CLANG_WARN_QUOTED_INCLUDE_IN_FRAMEWORK_HEADER = YES;
				CLANG_WARN_RANGE_LOOP_ANALYSIS = YES;
				CLANG_WARN_STRICT_PROTOTYPES = YES;
				CLANG_WARN_SUSPICIOUS_MOVE = YES;
				CLANG_WARN_UNGUARDED_AVAILABILITY = YES_AGGRESSIVE;
				CLANG_WARN_UNREACHABLE_CODE = YES;
				CLANG_WARN__DUPLICATE_METHOD_MATCH = YES;
				COPY_PHASE_STRIP = NO;
				DEBUG_INFORMATION_FORMAT = "dwarf-with-dsym";
				ENABLE_NS_ASSERTIONS = NO;
				ENABLE_STRICT_OBJC_MSGSEND = YES;
				GCC_C_LANGUAGE_STANDARD = gnu11;
				GCC_NO_COMMON_BLOCKS = YES;
				GCC_WARN_64_TO_32_BIT_CONVERSION = YES;
				GCC_WARN_ABOUT_RETURN_TYPE = YES_ERROR;
				GCC_WARN_UNDECLARED_SELECTOR = YES;
				GCC_WARN_UNINITIALIZED_AUTOS = YES_AGGRESSIVE;
				GCC_WARN_UNUSED_FUNCTION = YES;
				GCC_WARN_UNUSED_VARIABLE = YES;
				IPHONEOS_DEPLOYMENT_TARGET = 14.5;
				MTL_ENABLE_DEBUG_INFO = NO;
				MTL_FAST_MATH = YES;
				SDKROOT = iphoneos;
				SWIFT_COMPILATION_MODE = wholemodule;
				SWIFT_OPTIMIZATION_LEVEL = "-O";
				VALIDATE_PRODUCT = YES;
			};
			name = Release;
		};
		C1C4FC1D86FD1CDAA1952735 /* Debug */ = {
			isa = XCBuildConfiguration;
			buildSettings = {
				ASSETCATALOG_COMPILER_APPICON_NAME = AppIcon;
				ASSETCATALOG_COMPILER_GLOBAL_ACCENT_COLOR_NAME = AccentColor;
				DEVELOPMENT_ASSET_PATHS = "\"iOSConferences/Preview Content\"";
				ENABLE_PREVIEWS = YES;
				INFOPLIST_FILE = iOSConferences/Info.plist;
				IPHONEOS_DEPLOYMENT_TARGET = 14.0;
				LD_RUNPATH_SEARCH_PATHS = "$(inherited) @executable_path/Frameworks";
				PRODUCT_BUNDLE_IDENTIFIER = com.jetbrains.iOSConferences;
				PRODUCT_NAME = "$(TARGET_NAME)";
				SWIFT_VERSION = 5.0;
				TARGETED_DEVICE_FAMILY = "1,2";
			};
			name = Debug;
		};
		C1C4FE09B89D405BB0797C1A /* Debug */ = {
			isa = XCBuildConfiguration;
			buildSettings = {
				ALWAYS_SEARCH_USER_PATHS = NO;
				CLANG_ANALYZER_NONNULL = YES;
				CLANG_ANALYZER_NUMBER_OBJECT_CONVERSION = YES_AGGRESSIVE;
				CLANG_CXX_LANGUAGE_STANDARD = "gnu++14";
				CLANG_CXX_LIBRARY = "libc++";
				CLANG_ENABLE_MODULES = YES;
				CLANG_ENABLE_OBJC_ARC = YES;
				CLANG_ENABLE_OBJC_WEAK = YES;
				CLANG_WARN_BLOCK_CAPTURE_AUTORELEASING = YES;
				CLANG_WARN_BOOL_CONVERSION = YES;
				CLANG_WARN_COMMA = YES;
				CLANG_WARN_CONSTANT_CONVERSION = YES;
				CLANG_WARN_DEPRECATED_OBJC_IMPLEMENTATIONS = YES;
				CLANG_WARN_DIRECT_OBJC_ISA_USAGE = YES_ERROR;
				CLANG_WARN_DOCUMENTATION_COMMENTS = YES;
				CLANG_WARN_EMPTY_BODY = YES;
				CLANG_WARN_ENUM_CONVERSION = YES;
				CLANG_WARN_INFINITE_RECURSION = YES;
				CLANG_WARN_INT_CONVERSION = YES;
				CLANG_WARN_NON_LITERAL_NULL_CONVERSION = YES;
				CLANG_WARN_OBJC_IMPLICIT_RETAIN_SELF = YES;
				CLANG_WARN_OBJC_LITERAL_CONVERSION = YES;
				CLANG_WARN_OBJC_ROOT_CLASS = YES_ERROR;
				CLANG_WARN_QUOTED_INCLUDE_IN_FRAMEWORK_HEADER = YES;
				CLANG_WARN_RANGE_LOOP_ANALYSIS = YES;
				CLANG_WARN_STRICT_PROTOTYPES = YES;
				CLANG_WARN_SUSPICIOUS_MOVE = YES;
				CLANG_WARN_UNGUARDED_AVAILABILITY = YES_AGGRESSIVE;
				CLANG_WARN_UNREACHABLE_CODE = YES;
				CLANG_WARN__DUPLICATE_METHOD_MATCH = YES;
				COPY_PHASE_STRIP = NO;
				DEBUG_INFORMATION_FORMAT = dwarf;
				ENABLE_STRICT_OBJC_MSGSEND = YES;
				ENABLE_TESTABILITY = YES;
				GCC_C_LANGUAGE_STANDARD = gnu11;
				GCC_DYNAMIC_NO_PIC = NO;
				GCC_NO_COMMON_BLOCKS = YES;
				GCC_OPTIMIZATION_LEVEL = 0;
				GCC_PREPROCESSOR_DEFINITIONS = (
					"DEBUG=1",
					"$(inherited)",
				);
				GCC_WARN_64_TO_32_BIT_CONVERSION = YES;
				GCC_WARN_ABOUT_RETURN_TYPE = YES_ERROR;
				GCC_WARN_UNDECLARED_SELECTOR = YES;
				GCC_WARN_UNINITIALIZED_AUTOS = YES_AGGRESSIVE;
				GCC_WARN_UNUSED_FUNCTION = YES;
				GCC_WARN_UNUSED_VARIABLE = YES;
				IPHONEOS_DEPLOYMENT_TARGET = 14.5;
				MTL_ENABLE_DEBUG_INFO = INCLUDE_SOURCE;
				MTL_FAST_MATH = YES;
				ONLY_ACTIVE_ARCH = YES;
				SDKROOT = iphoneos;
				SWIFT_ACTIVE_COMPILATION_CONDITIONS = DEBUG;
				SWIFT_OPTIMIZATION_LEVEL = "-Onone";
			};
			name = Debug;
		};
		C1C4FF25703338DF795135DA /* Release */ = {
			isa = XCBuildConfiguration;
			buildSettings = {
				ASSETCATALOG_COMPILER_APPICON_NAME = AppIcon;
				ASSETCATALOG_COMPILER_GLOBAL_ACCENT_COLOR_NAME = AccentColor;
				DEVELOPMENT_ASSET_PATHS = "\"iOSConferences/Preview Content\"";
				ENABLE_PREVIEWS = YES;
				INFOPLIST_FILE = iOSConferences/Info.plist;
				IPHONEOS_DEPLOYMENT_TARGET = 14.0;
				LD_RUNPATH_SEARCH_PATHS = "$(inherited) @executable_path/Frameworks";
				PRODUCT_BUNDLE_IDENTIFIER = com.jetbrains.iOSConferences;
				PRODUCT_NAME = "$(TARGET_NAME)";
				SWIFT_VERSION = 5.0;
				TARGETED_DEVICE_FAMILY = "1,2";
			};
			name = Release;
		};
/* End XCBuildConfiguration section */

/* Begin XCConfigurationList section */
		C1C4FBE55B09A4B1F2D7F9B0 /* Build configuration list for PBXProject "iOSConferences" */ = {
			isa = XCConfigurationList;
			buildConfigurations = (
				C1C4FE09B89D405BB0797C1A /* Debug */,
				C1C4F4CB8EB7DA663D4F7A98 /* Release */,
			);
			defaultConfigurationIsVisible = 0;
			defaultConfigurationName = Release;
		};
		C1C4FF05DE1EF400252777C9 /* Build configuration list for PBXNativeTarget "iOSConferences" */ = {
			isa = XCConfigurationList;
			buildConfigurations = (
				C1C4FC1D86FD1CDAA1952735 /* Debug */,
				C1C4FF25703338DF795135DA /* Release */,
			);
			defaultConfigurationIsVisible = 0;
		};
/* End XCConfigurationList section */
	};
	rootObject = C1C4F8A5ED0AE4C3D31C780E /* Project object */;
}
