// !$*UTF8*$!
{
	archiveVersion = 1;
	classes = {
	};
	objectVersion = 46;
	objects = {

/* Begin PBXBuildFile section */
		C1C4F13007141EC29CE85C97 /* AppDelegate.swift in Sources */ = {isa = PBXBuildFile; fileRef = C1C4F50A7CB67F5CDD19348A /* AppDelegate.swift */; };
		C1C4F46B5FB70FFCD2CBD48C /* Preview Assets.xcassets in Resources */ = {isa = PBXBuildFile; fileRef = C1C4F993925F22EBA137E751 /* Preview Assets.xcassets */; };
		C1C4F553AFA3657A0C0B774E /* ConferenceDetails.swift in Sources */ = {isa = PBXBuildFile; fileRef = C1C4F1BE5AB36A49619DA92B /* ConferenceDetails.swift */; };
		C1C4F5A998DFBD9B5BECA602 /* Assets.xcassets in Resources */ = {isa = PBXBuildFile; fileRef = C1C4FB041DD23CA9BB8DA600 /* Assets.xcassets */; };
		C1C4F6A95E8A0A1DAA9BDFAD /* Data.swift in Sources */ = {isa = PBXBuildFile; fileRef = C1C4FFFB80EF68580977C0F3 /* Data.swift */; };
		C1C4F964DEC3BD641D7D39C5 /* Conference.swift in Sources */ = {isa = PBXBuildFile; fileRef = C1C4FF14961D706722ACE848 /* Conference.swift */; };
		C1C4F99AC81544BFE4999B4D /* conferencesData.json in Resources */ = {isa = PBXBuildFile; fileRef = C1C4FA1BD26023B581296A61 /* conferencesData.json */; };
		C1C4F9ABE5B1B9ED43508BBD /* ConferenceList.swift in Sources */ = {isa = PBXBuildFile; fileRef = C1C4F8C8F0D977FCC6A6741B /* ConferenceList.swift */; };
		C1C4FD006289A2EB711F07B7 /* LaunchScreen.storyboard in Resources */ = {isa = PBXBuildFile; fileRef = C1C4FF8EB5F84FD3958D23C4 /* LaunchScreen.storyboard */; };
		C1C4FE1ADD52303DD485130F /* SceneDelegate.swift in Sources */ = {isa = PBXBuildFile; fileRef = C1C4FB097B2E8F03B17135D2 /* SceneDelegate.swift */; };
/* End PBXBuildFile section */

/* Begin PBXFileReference section */
		C1C4F1BE5AB36A49619DA92B /* ConferenceDetails.swift */ = {isa = PBXFileReference; fileEncoding = 4; lastKnownFileType = sourcecode.swift; path = ConferenceDetails.swift; sourceTree = "<group>"; };
		C1C4F50A7CB67F5CDD19348A /* AppDelegate.swift */ = {isa = PBXFileReference; lastKnownFileType = sourcecode.swift; path = AppDelegate.swift; sourceTree = "<group>"; };
		C1C4F5CE1B94C4A903D52E93 /* Info.plist */ = {isa = PBXFileReference; lastKnownFileType = text.plist.info; path = Info.plist; sourceTree = "<group>"; };
		C1C4F7958DE3AD7BE9387607 /* Base */ = {isa = PBXFileReference; lastKnownFileType = file.storyboard; name = Base; path = Base.lproj/LaunchScreen.storyboard; sourceTree = "<group>"; };
		C1C4F8C8F0D977FCC6A6741B /* ConferenceList.swift */ = {isa = PBXFileReference; lastKnownFileType = sourcecode.swift; path = ConferenceList.swift; sourceTree = "<group>"; };
		C1C4F993925F22EBA137E751 /* Preview Assets.xcassets */ = {isa = PBXFileReference; lastKnownFileType = folder.assetcatalog; path = "Preview Assets.xcassets"; sourceTree = "<group>"; };
		C1C4FA1BD26023B581296A61 /* conferencesData.json */ = {isa = PBXFileReference; fileEncoding = 4; lastKnownFileType = text.json; path = conferencesData.json; sourceTree = "<group>"; };
		C1C4FB041DD23CA9BB8DA600 /* Assets.xcassets */ = {isa = PBXFileReference; lastKnownFileType = folder.assetcatalog; path = Assets.xcassets; sourceTree = "<group>"; };
		C1C4FB097B2E8F03B17135D2 /* SceneDelegate.swift */ = {isa = PBXFileReference; lastKnownFileType = sourcecode.swift; path = SceneDelegate.swift; sourceTree = "<group>"; };
		C1C4FC113C69E207B4E6D95E /* iOSConferences.app */ = {isa = PBXFileReference; explicitFileType = wrapper.application; includeInIndex = 0; path = iOSConferences.app; sourceTree = BUILT_PRODUCTS_DIR; };
		C1C4FF14961D706722ACE848 /* Conference.swift */ = {isa = PBXFileReference; fileEncoding = 4; lastKnownFileType = sourcecode.swift; path = Conference.swift; sourceTree = "<group>"; };
		C1C4FFFB80EF68580977C0F3 /* Data.swift */ = {isa = PBXFileReference; fileEncoding = 4; lastKnownFileType = sourcecode.swift; path = Data.swift; sourceTree = "<group>"; };
/* End PBXFileReference section */

/* Begin PBXFrameworksBuildPhase section */
		C1C4F19075CF718B6049B94D /* Frameworks */ = {
			isa = PBXFrameworksBuildPhase;
			buildActionMask = 2147483647;
			files = (
			);
			runOnlyForDeploymentPostprocessing = 0;
		};
/* End PBXFrameworksBuildPhase section */

/* Begin PBXGroup section */
		C1C4F4791E2BB959285B47BA /* Products */ = {
			isa = PBXGroup;
			children = (
				C1C4FC113C69E207B4E6D95E /* iOSConferences.app */,
			);
			name = Products;
			sourceTree = "<group>";
		};
		C1C4F8E451206A33B4308133 /* Preview Content */ = {
			isa = PBXGroup;
			children = (
				C1C4F993925F22EBA137E751 /* Preview Assets.xcassets */,
			);
			path = "Preview Content";
			sourceTree = "<group>";
		};
		C1C4FBD8D70BFAC387EDB67F = {
			isa = PBXGroup;
			children = (
				C1C4F4791E2BB959285B47BA /* Products */,
				C1C4FCF74412702643E83944 /* iOSConferences */,
			);
			sourceTree = "<group>";
		};
		C1C4FCF74412702643E83944 /* iOSConferences */ = {
			isa = PBXGroup;
			children = (
				C1C4F5CE1B94C4A903D52E93 /* Info.plist */,
				C1C4FB041DD23CA9BB8DA600 /* Assets.xcassets */,
				C1C4FF8EB5F84FD3958D23C4 /* LaunchScreen.storyboard */,
				C1C4F50A7CB67F5CDD19348A /* AppDelegate.swift */,
				C1C4FB097B2E8F03B17135D2 /* SceneDelegate.swift */,
				C1C4F8C8F0D977FCC6A6741B /* ConferenceList.swift */,
				C1C4F8E451206A33B4308133 /* Preview Content */,
				C1C4FFE448B4BED42B15A293 /* Resources */,
				C1C4FECFB9C2DF7A7A8ACE84 /* Model */,
				C1C4F1BE5AB36A49619DA92B /* ConferenceDetails.swift */,
			);
			path = iOSConferences;
			sourceTree = "<group>";
		};
		C1C4FECFB9C2DF7A7A8ACE84 /* Model */ = {
			isa = PBXGroup;
			children = (
				C1C4FFFB80EF68580977C0F3 /* Data.swift */,
				C1C4FF14961D706722ACE848 /* Conference.swift */,
			);
			path = Model;
			sourceTree = "<group>";
		};
		C1C4FFE448B4BED42B15A293 /* Resources */ = {
			isa = PBXGroup;
			children = (
				C1C4FA1BD26023B581296A61 /* conferencesData.json */,
			);
			path = Resources;
			sourceTree = "<group>";
		};
/* End PBXGroup section */

/* Begin PBXNativeTarget section */
		C1C4FA053855375F0F52F9C4 /* iOSConferences */ = {
			isa = PBXNativeTarget;
			buildConfigurationList = C1C4F522C98DDDAB1FE8DEED /* Build configuration list for PBXNativeTarget "iOSConferences" */;
			buildPhases = (
				C1C4F0C529E4175909AB9161 /* Sources */,
				C1C4F19075CF718B6049B94D /* Frameworks */,
				C1C4FC0A18D1970D62117DEC /* Resources */,
			);
			buildRules = (
			);
			dependencies = (
			);
			name = iOSConferences;
			productName = iOSConferences;
			productReference = C1C4FC113C69E207B4E6D95E /* iOSConferences.app */;
			productType = "com.apple.product-type.application";
		};
/* End PBXNativeTarget section */

/* Begin PBXProject section */
		C1C4F0B4DCFEF36FC0245103 /* Project object */ = {
			isa = PBXProject;
			attributes = {
				ORGANIZATIONNAME = JetBrains;
			};
			buildConfigurationList = C1C4F3C8B5C1C8E714AA993B /* Build configuration list for PBXProject "iOSConferences" */;
			compatibilityVersion = "Xcode 3.2";
			developmentRegion = English;
			hasScannedForEncodings = 0;
			knownRegions = (
				English,
				en,
				Base,
			);
			mainGroup = C1C4FBD8D70BFAC387EDB67F;
			productRefGroup = C1C4F4791E2BB959285B47BA /* Products */;
			projectDirPath = "";
			projectRoot = "";
			targets = (
				C1C4FA053855375F0F52F9C4 /* iOSConferences */,
			);
		};
/* End PBXProject section */

/* Begin PBXResourcesBuildPhase section */
		C1C4FC0A18D1970D62117DEC /* Resources */ = {
			isa = PBXResourcesBuildPhase;
			buildActionMask = 2147483647;
			files = (
				C1C4F5A998DFBD9B5BECA602 /* Assets.xcassets in Resources */,
				C1C4FD006289A2EB711F07B7 /* LaunchScreen.storyboard in Resources */,
				C1C4F46B5FB70FFCD2CBD48C /* Preview Assets.xcassets in Resources */,
				C1C4F99AC81544BFE4999B4D /* conferencesData.json in Resources */,
			);
			runOnlyForDeploymentPostprocessing = 0;
		};
/* End PBXResourcesBuildPhase section */

/* Begin PBXSourcesBuildPhase section */
		C1C4F0C529E4175909AB9161 /* Sources */ = {
			isa = PBXSourcesBuildPhase;
			buildActionMask = 2147483647;
			files = (
				C1C4F13007141EC29CE85C97 /* AppDelegate.swift in Sources */,
				C1C4FE1ADD52303DD485130F /* SceneDelegate.swift in Sources */,
				C1C4F9ABE5B1B9ED43508BBD /* ConferenceList.swift in Sources */,
				C1C4F6A95E8A0A1DAA9BDFAD /* Data.swift in Sources */,
				C1C4F964DEC3BD641D7D39C5 /* Conference.swift in Sources */,
				C1C4F553AFA3657A0C0B774E /* ConferenceDetails.swift in Sources */,
			);
			runOnlyForDeploymentPostprocessing = 0;
		};
/* End PBXSourcesBuildPhase section */

/* Begin PBXVariantGroup section */
		C1C4FF8EB5F84FD3958D23C4 /* LaunchScreen.storyboard */ = {
			isa = PBXVariantGroup;
			children = (
				C1C4F7958DE3AD7BE9387607 /* Base */,
			);
			name = LaunchScreen.storyboard;
			sourceTree = "<group>";
		};
/* End PBXVariantGroup section */

/* Begin XCBuildConfiguration section */
		C1C4F32A26465D7D4D4E08B0 /* Release */ = {
			isa = XCBuildConfiguration;
			buildSettings = {
				ALWAYS_SEARCH_USER_PATHS = NO;
				CLANG_ANALYZER_NONNULL = YES;
				CLANG_ANALYZER_NUMBER_OBJECT_CONVERSION = YES_AGGRESSIVE;
				CLANG_CXX_LANGUAGE_STANDARD = "gnu++14";
				CLANG_CXX_LIBRARY = "libc++";
				CLANG_ENABLE_MODULES = YES;
				CLANG_ENABLE_OBJC_ARC = YES;
				CLANG_ENABLE_OBJC_WEAK = YES;
				CLANG_WARN_BLOCK_CAPTURE_AUTORELEASING = YES;
				CLANG_WARN_BOOL_CONVERSION = YES;
				CLANG_WARN_COMMA = YES;
				CLANG_WARN_CONSTANT_CONVERSION = YES;
				CLANG_WARN_DEPRECATED_OBJC_IMPLEMENTATIONS = YES;
				CLANG_WARN_DIRECT_OBJC_ISA_USAGE = YES_ERROR;
				CLANG_WARN_DOCUMENTATION_COMMENTS = YES;
				CLANG_WARN_EMPTY_BODY = YES;
				CLANG_WARN_ENUM_CONVERSION = YES;
				CLANG_WARN_INFINITE_RECURSION = YES;
				CLANG_WARN_INT_CONVERSION = YES;
				CLANG_WARN_NON_LITERAL_NULL_CONVERSION = YES;
				CLANG_WARN_OBJC_IMPLICIT_RETAIN_SELF = YES;
				CLANG_WARN_OBJC_LITERAL_CONVERSION = YES;
				CLANG_WARN_OBJC_ROOT_CLASS = YES_ERROR;
				CLANG_WARN_RANGE_LOOP_ANALYSIS = YES;
				CLANG_WARN_STRICT_PROTOTYPES = YES;
				CLANG_WARN_SUSPICIOUS_MOVE = YES;
				CLANG_WARN_UNGUARDED_AVAILABILITY = YES_AGGRESSIVE;
				CLANG_WARN_UNREACHABLE_CODE = YES;
				CLANG_WARN__DUPLICATE_METHOD_MATCH = YES;
				COPY_PHASE_STRIP = NO;
				DEBUG_INFORMATION_FORMAT = "dwarf-with-dsym";
				ENABLE_NS_ASSERTIONS = NO;
				ENABLE_STRICT_OBJC_MSGSEND = YES;
				GCC_C_LANGUAGE_STANDARD = gnu11;
				GCC_NO_COMMON_BLOCKS = YES;
				GCC_WARN_64_TO_32_BIT_CONVERSION = YES;
				GCC_WARN_ABOUT_RETURN_TYPE = YES_ERROR;
				GCC_WARN_UNDECLARED_SELECTOR = YES;
				GCC_WARN_UNINITIALIZED_AUTOS = YES_AGGRESSIVE;
				GCC_WARN_UNUSED_FUNCTION = YES;
				GCC_WARN_UNUSED_VARIABLE = YES;
				IPHONEOS_DEPLOYMENT_TARGET = 13.2;
				MTL_ENABLE_DEBUG_INFO = NO;
				MTL_FAST_MATH = YES;
				SDKROOT = iphoneos;
				SWIFT_OPTIMIZATION_LEVEL = "-Owholemodule";
				VALIDATE_PRODUCT = YES;
			};
			name = Release;
		};
		C1C4F686ADB2D45E98D2F542 /* Release */ = {
			isa = XCBuildConfiguration;
			buildSettings = {
				ASSETCATALOG_COMPILER_APPICON_NAME = AppIcon;
				DEVELOPMENT_ASSET_PATHS = "\"iOSConferences/Preview Content\"";
				ENABLE_PREVIEWS = YES;
				INFOPLIST_FILE = iOSConferences/Info.plist;
				LD_RUNPATH_SEARCH_PATHS = "$(inherited) @executable_path/Frameworks";
				PRODUCT_BUNDLE_IDENTIFIER = com.jetbrains.iOSConferences;
				PRODUCT_NAME = "$(TARGET_NAME)";
				SWIFT_VERSION = 5.0;
				TARGETED_DEVICE_FAMILY = "1,2";
			};
			name = Release;
		};
		C1C4F76C48B70A85DB554583 /* Debug */ = {
			isa = XCBuildConfiguration;
			buildSettings = {
				ASSETCATALOG_COMPILER_APPICON_NAME = AppIcon;
				DEVELOPMENT_ASSET_PATHS = "\"iOSConferences/Preview Content\"";
				ENABLE_PREVIEWS = YES;
				INFOPLIST_FILE = iOSConferences/Info.plist;
				LD_RUNPATH_SEARCH_PATHS = "$(inherited) @executable_path/Frameworks";
				PRODUCT_BUNDLE_IDENTIFIER = com.jetbrains.iOSConferences;
				PRODUCT_NAME = "$(TARGET_NAME)";
				SWIFT_VERSION = 5.0;
				TARGETED_DEVICE_FAMILY = "1,2";
			};
			name = Debug;
		};
		C1C4FB9BA64488A77E1F0BDB /* Debug */ = {
			isa = XCBuildConfiguration;
			buildSettings = {
				ALWAYS_SEARCH_USER_PATHS = NO;
				CLANG_ANALYZER_NONNULL = YES;
				CLANG_ANALYZER_NUMBER_OBJECT_CONVERSION = YES_AGGRESSIVE;
				CLANG_CXX_LANGUAGE_STANDARD = "gnu++14";
				CLANG_CXX_LIBRARY = "libc++";
				CLANG_ENABLE_MODULES = YES;
				CLANG_ENABLE_OBJC_ARC = YES;
				CLANG_ENABLE_OBJC_WEAK = YES;
				CLANG_WARN_BLOCK_CAPTURE_AUTORELEASING = YES;
				CLANG_WARN_BOOL_CONVERSION = YES;
				CLANG_WARN_COMMA = YES;
				CLANG_WARN_CONSTANT_CONVERSION = YES;
				CLANG_WARN_DEPRECATED_OBJC_IMPLEMENTATIONS = YES;
				CLANG_WARN_DIRECT_OBJC_ISA_USAGE = YES_ERROR;
				CLANG_WARN_DOCUMENTATION_COMMENTS = YES;
				CLANG_WARN_EMPTY_BODY = YES;
				CLANG_WARN_ENUM_CONVERSION = YES;
				CLANG_WARN_INFINITE_RECURSION = YES;
				CLANG_WARN_INT_CONVERSION = YES;
				CLANG_WARN_NON_LITERAL_NULL_CONVERSION = YES;
				CLANG_WARN_OBJC_IMPLICIT_RETAIN_SELF = YES;
				CLANG_WARN_OBJC_LITERAL_CONVERSION = YES;
				CLANG_WARN_OBJC_ROOT_CLASS = YES_ERROR;
				CLANG_WARN_RANGE_LOOP_ANALYSIS = YES;
				CLANG_WARN_STRICT_PROTOTYPES = YES;
				CLANG_WARN_SUSPICIOUS_MOVE = YES;
				CLANG_WARN_UNGUARDED_AVAILABILITY = YES_AGGRESSIVE;
				CLANG_WARN_UNREACHABLE_CODE = YES;
				CLANG_WARN__DUPLICATE_METHOD_MATCH = YES;
				COPY_PHASE_STRIP = NO;
				DEBUG_INFORMATION_FORMAT = dwarf;
				ENABLE_STRICT_OBJC_MSGSEND = YES;
				ENABLE_TESTABILITY = YES;
				GCC_C_LANGUAGE_STANDARD = gnu11;
				GCC_DYNAMIC_NO_PIC = NO;
				GCC_NO_COMMON_BLOCKS = YES;
				GCC_OPTIMIZATION_LEVEL = 0;
				GCC_PREPROCESSOR_DEFINITIONS = (
					"DEBUG=1",
					"$(inherited)",
				);
				GCC_WARN_64_TO_32_BIT_CONVERSION = YES;
				GCC_WARN_ABOUT_RETURN_TYPE = YES_ERROR;
				GCC_WARN_UNDECLARED_SELECTOR = YES;
				GCC_WARN_UNINITIALIZED_AUTOS = YES_AGGRESSIVE;
				GCC_WARN_UNUSED_FUNCTION = YES;
				GCC_WARN_UNUSED_VARIABLE = YES;
				IPHONEOS_DEPLOYMENT_TARGET = 13.2;
				MTL_ENABLE_DEBUG_INFO = INCLUDE_SOURCE;
				MTL_FAST_MATH = YES;
				ONLY_ACTIVE_ARCH = YES;
				SDKROOT = iphoneos;
				SWIFT_ACTIVE_COMPILATION_CONDITIONS = DEBUG;
				SWIFT_OPTIMIZATION_LEVEL = "-Onone";
			};
			name = Debug;
		};
/* End XCBuildConfiguration section */

/* Begin XCConfigurationList section */
		C1C4F3C8B5C1C8E714AA993B /* Build configuration list for PBXProject "iOSConferences" */ = {
			isa = XCConfigurationList;
			buildConfigurations = (
				C1C4FB9BA64488A77E1F0BDB /* Debug */,
				C1C4F32A26465D7D4D4E08B0 /* Release */,
			);
			defaultConfigurationIsVisible = 0;
			defaultConfigurationName = Release;
		};
		C1C4F522C98DDDAB1FE8DEED /* Build configuration list for PBXNativeTarget "iOSConferences" */ = {
			isa = XCConfigurationList;
			buildConfigurations = (
				C1C4F76C48B70A85DB554583 /* Debug */,
				C1C4F686ADB2D45E98D2F542 /* Release */,
			);
			defaultConfigurationIsVisible = 0;
			defaultConfigurationName = Release;
		};
/* End XCConfigurationList section */
	};
	rootObject = C1C4F0B4DCFEF36FC0245103 /* Project object */;
}
